
Microsoft Visual Studio Solution File, Format Version 12.00
# Visual Studio 15
VisualStudioVersion = 15.0.28010.2041
MinimumVisualStudioVersion = 10.0.40219.1
Project("{FAE04EC0-301F-11D3-BF4B-00C04F79EFBC}") = "U5Runes", "U5Runes\U5Runes.csproj", "{DC0C8D0D-1AD3-405E-A5E3-B56B15C86A7E}"
EndProject
Project("{2150E333-8FDC-42A3-9474-1A3956D46DE8}") = "Solution Items", "Solution Items", "{6A8E1380-5C6A-45E1-AAB4-433C42A4FC8A}"
	ProjectSection(SolutionItems) = preProject
		README.md = README.md
	EndProjectSection
EndProject
Global
	GlobalSection(SolutionConfigurationPlatforms) = preSolution
		Debug|Any CPU = Debug|Any CPU
		Release|Any CPU = Release|Any CPU
	EndGlobalSection
	GlobalSection(ProjectConfigurationPlatforms) = postSolution
		{DC0C8D0D-1AD3-405E-A5E3-B56B15C86A7E}.Debug|Any CPU.ActiveCfg = Debug|Any CPU
		{DC0C8D0D-1AD3-405E-A5E3-B56B15C86A7E}.Debug|Any CPU.Build.0 = Debug|Any CPU
		{DC0C8D0D-1AD3-405E-A5E3-B56B15C86A7E}.Release|Any CPU.ActiveCfg = Release|Any CPU
		{DC0C8D0D-1AD3-405E-A5E3-B56B15C86A7E}.Release|Any CPU.Build.0 = Release|Any CPU
	EndGlobalSection
	GlobalSection(SolutionProperties) = preSolution
		HideSolutionNode = FALSE
	EndGlobalSection
	GlobalSection(ExtensibilityGlobals) = postSolution
		SolutionGuid = {9815B669-B0C4-4C43-B967-D27A5417DC28}
	EndGlobalSection
EndGlobal
